
Microsoft Visual Studio Solution File, Format Version 12.00
# Visual Studio Version 17
VisualStudioVersion = 17.14.36623.8 d17.14
MinimumVisualStudioVersion = 10.0.40219.1
Project("{54A90642-561A-4BB1-A94E-469ADEE60C69}") = "fcwproject.client", "fwcproject.client\fcwproject.client.esproj", "{764110AB-C1C9-EFE2-06F1-D9F7DB136C0C}"
EndProject
Project("{FAE04EC0-301F-11D3-BF4B-00C04F79EFBC}") = "FCWProject.Server", "FWCProject.Server\FCWProject.Server.csproj", "{731AC7A3-D2E7-4523-B9BA-32DC8A74A497}"
EndProject
Global
	GlobalSection(SolutionConfigurationPlatforms) = preSolution
		Debug|Any CPU = Debug|Any CPU
		Release|Any CPU = Release|Any CPU
	EndGlobalSection
	GlobalSection(ProjectConfigurationPlatforms) = postSolution
		{764110AB-C1C9-EFE2-06F1-D9F7DB136C0C}.Debug|Any CPU.ActiveCfg = Debug|Any CPU
		{764110AB-C1C9-EFE2-06F1-D9F7DB136C0C}.Debug|Any CPU.Build.0 = Debug|Any CPU
		{764110AB-C1C9-EFE2-06F1-D9F7DB136C0C}.Debug|Any CPU.Deploy.0 = Debug|Any CPU
		{764110AB-C1C9-EFE2-06F1-D9F7DB136C0C}.Release|Any CPU.ActiveCfg = Release|Any CPU
		{764110AB-C1C9-EFE2-06F1-D9F7DB136C0C}.Release|Any CPU.Build.0 = Release|Any CPU
		{764110AB-C1C9-EFE2-06F1-D9F7DB136C0C}.Release|Any CPU.Deploy.0 = Release|Any CPU
		{731AC7A3-D2E7-4523-B9BA-32DC8A74A497}.Debug|Any CPU.ActiveCfg = Debug|Any CPU
		{731AC7A3-D2E7-4523-B9BA-32DC8A74A497}.Debug|Any CPU.Build.0 = Debug|Any CPU
		{731AC7A3-D2E7-4523-B9BA-32DC8A74A497}.Release|Any CPU.ActiveCfg = Release|Any CPU
		{731AC7A3-D2E7-4523-B9BA-32DC8A74A497}.Release|Any CPU.Build.0 = Release|Any CPU
	EndGlobalSection
	GlobalSection(SolutionProperties) = preSolution
		HideSolutionNode = FALSE
	EndGlobalSection
	GlobalSection(ExtensibilityGlobals) = postSolution
		SolutionGuid = {76185C68-93AF-4B9F-82AF-702E5A10AB51}
	EndGlobalSection
EndGlobal
